
Microsoft Visual Studio Solution File, Format Version 12.00
# Visual Studio Version 17
VisualStudioVersion = 17.7.34031.279
MinimumVisualStudioVersion = 10.0.40219.1
Project("{9A19103F-16F7-4668-BE54-9A1E7A4F7556}") = "BlazorApp", "BlazorApp.csproj", "{FB454BA1-DD6B-4A50-9656-99B0B66D8F37}"
EndProject
Global
	GlobalSection(SolutionConfigurationPlatforms) = preSolution
		Debug|Any CPU = Debug|Any CPU
		Release|Any CPU = Release|Any CPU
	EndGlobalSection
	GlobalSection(ProjectConfigurationPlatforms) = postSolution
		{FB454BA1-DD6B-4A50-9656-99B0B66D8F37}.Debug|Any CPU.ActiveCfg = Debug|Any CPU
		{FB454BA1-DD6B-4A50-9656-99B0B66D8F37}.Debug|Any CPU.Build.0 = Debug|Any CPU
		{FB454BA1-DD6B-4A50-9656-99B0B66D8F37}.Release|Any CPU.ActiveCfg = Release|Any CPU
		{FB454BA1-DD6B-4A50-9656-99B0B66D8F37}.Release|Any CPU.Build.0 = Release|Any CPU
	EndGlobalSection
	GlobalSection(SolutionProperties) = preSolution
		HideSolutionNode = FALSE
	EndGlobalSection
	GlobalSection(ExtensibilityGlobals) = postSolution
		SolutionGuid = {31642EE9-3291-494E-AF34-7FD49E3A2FB7}
	EndGlobalSection
EndGlobal
